
Microsoft Visual Studio Solution File, Format Version 9.00
# Visual Studio 2005
Project("{8BC9CEB8-8B4A-11D0-8D11-00A0C91BC942}") = "new_gp_daemon", "new_gp_daemon\new_gp_daemon.vcproj", "{7B3933BF-4E5E-4D80-8A68-5D4992CAF7AC}"
EndProject
Project("{8BC9CEB8-8B4A-11D0-8D11-00A0C91BC942}") = "mod_eval_panfilter", "mod_eval_panfilter\mod_eval_panfilter.vcproj", "{DA5DA411-420F-41D4-81D2-9D077A77122F}"
EndProject
Project("{8BC9CEB8-8B4A-11D0-8D11-00A0C91BC942}") = "mod_genops_panfilter", "mod_genops_panfilter\mod_genops_panfilter.vcproj", "{BCA00F61-55E8-4B25-8D34-82FD8478431D}"
EndProject
Project("{2150E333-8FDC-42A3-9474-1A3956D46DE8}") = "common", "common", "{6EF14FF1-64AA-4ECE-B198-AFBBDC91FA6D}"
	ProjectSection(SolutionItems) = preProject
		common\evalmodule.h = common\evalmodule.h
		common\genome.h = common\genome.h
		common\module.h = common\module.h
		common\ops_module.h = common\ops_module.h
		common\panf_genome.h = common\panf_genome.h
	EndProjectSection
EndProject
Global
	GlobalSection(SolutionConfigurationPlatforms) = preSolution
		Debug|Win32 = Debug|Win32
		Release|Win32 = Release|Win32
	EndGlobalSection
	GlobalSection(ProjectConfigurationPlatforms) = postSolution
		{7B3933BF-4E5E-4D80-8A68-5D4992CAF7AC}.Debug|Win32.ActiveCfg = Debug|Win32
		{7B3933BF-4E5E-4D80-8A68-5D4992CAF7AC}.Debug|Win32.Build.0 = Debug|Win32
		{7B3933BF-4E5E-4D80-8A68-5D4992CAF7AC}.Release|Win32.ActiveCfg = Release|Win32
		{7B3933BF-4E5E-4D80-8A68-5D4992CAF7AC}.Release|Win32.Build.0 = Release|Win32
		{DA5DA411-420F-41D4-81D2-9D077A77122F}.Debug|Win32.ActiveCfg = Debug|Win32
		{DA5DA411-420F-41D4-81D2-9D077A77122F}.Debug|Win32.Build.0 = Debug|Win32
		{DA5DA411-420F-41D4-81D2-9D077A77122F}.Release|Win32.ActiveCfg = Release|Win32
		{DA5DA411-420F-41D4-81D2-9D077A77122F}.Release|Win32.Build.0 = Release|Win32
		{BCA00F61-55E8-4B25-8D34-82FD8478431D}.Debug|Win32.ActiveCfg = Debug|Win32
		{BCA00F61-55E8-4B25-8D34-82FD8478431D}.Debug|Win32.Build.0 = Debug|Win32
		{BCA00F61-55E8-4B25-8D34-82FD8478431D}.Release|Win32.ActiveCfg = Release|Win32
		{BCA00F61-55E8-4B25-8D34-82FD8478431D}.Release|Win32.Build.0 = Release|Win32
	EndGlobalSection
	GlobalSection(SolutionProperties) = preSolution
		HideSolutionNode = FALSE
	EndGlobalSection
EndGlobal
